
Microsoft Visual Studio Solution File, Format Version 12.00
# Visual Studio Version 17
VisualStudioVersion = 17.0.32014.148
MinimumVisualStudioVersion = 10.0.40219.1
Project("{FAE04EC0-301F-11D3-BF4B-00C04F79EFBC}") = "DistributedMutex", "Dotnet\DistributedMutex.csproj", "{34D87616-DA5F-481D-BE9B-83B2BDD89FB7}"
EndProject
Global
	GlobalSection(SolutionConfigurationPlatforms) = preSolution
		Debug|Any CPU = Debug|Any CPU
		Release|Any CPU = Release|Any CPU
	EndGlobalSection
	GlobalSection(ProjectConfigurationPlatforms) = postSolution
		{34D87616-DA5F-481D-BE9B-83B2BDD89FB7}.Debug|Any CPU.ActiveCfg = Debug|Any CPU
		{34D87616-DA5F-481D-BE9B-83B2BDD89FB7}.Debug|Any CPU.Build.0 = Debug|Any CPU
		{34D87616-DA5F-481D-BE9B-83B2BDD89FB7}.Release|Any CPU.ActiveCfg = Release|Any CPU
		{34D87616-DA5F-481D-BE9B-83B2BDD89FB7}.Release|Any CPU.Build.0 = Release|Any CPU
	EndGlobalSection
	GlobalSection(SolutionProperties) = preSolution
		HideSolutionNode = FALSE
	EndGlobalSection
	GlobalSection(ExtensibilityGlobals) = postSolution
		SolutionGuid = {BD218DA8-9723-472E-90BD-BB35817DE9EE}
	EndGlobalSection
EndGlobal
